{
  "name": "test-project-lockfile",
  "version": "1.0.0",
  "lockfileVersion": 2,
  "requires": true,
  "packages": {
    "": {
      "name": "test-project-lockfile",
      "version": "1.0.0",
      "dependencies": {
        "lodash": "^4.17.15",
        "react-dom-confetti": "0.0.1",
        "react-don": "1.0.0"
      }
    },
    "node_modules/lodash": {
      "version": "4.17.15",
      "resolved": "https://registry.npmjs.org/lodash/-/lodash-4.17.15.tgz",
      "integrity": "sha512-TAMPERED-HASH-FOR-TESTING-PURPOSES"
    },
    "node_modules/react-dom-confetti": {
      "version": "0.0.1",
      "resolved": "https://registry.npmjs.org/react-dom-confetti/-/react-dom-confetti-0.0.1.tgz",
      "integrity": "sha512-fake-hash"
    },
    "node_modules/react-don": {
      "version": "1.0.0",
      "resolved": "https://registry.npmjs.org/react-don/-/react-don-1.0.0.tgz",
      "integrity": "sha512-fake-hash-don"
    }
  },
  "dependencies": {
    "lodash": {
      "version": "4.17.15",
      "resolved": "https://registry.npmjs.org/lodash/-/lodash-4.17.15.tgz",
      "integrity": "sha512-TAMPERED-HASH-FOR-TESTING-PURPOSES"
    }
  }
}